
Microsoft Visual Studio Solution File, Format Version 12.00
# Visual Studio Version 16
VisualStudioVersion = 16.0.31624.102
MinimumVisualStudioVersion = 10.0.40219.1
Project("{9A19103F-16F7-4668-BE54-9A1E7A4F7556}") = "Catalog.API", "Catalog.API\Catalog.API.csproj", "{1673856B-7C5C-4977-AC1D-A5D05D473C55}"
EndProject
Project("{E53339B2-1760-4266-BCC7-CA923CBCF16C}") = "docker-compose", "docker-compose.dcproj", "{4042B908-0DAF-4421-9333-CDBE42010F49}"
EndProject
Global
	GlobalSection(SolutionConfigurationPlatforms) = preSolution
		Debug|Any CPU = Debug|Any CPU
		Release|Any CPU = Release|Any CPU
	EndGlobalSection
	GlobalSection(ProjectConfigurationPlatforms) = postSolution
		{1673856B-7C5C-4977-AC1D-A5D05D473C55}.Debug|Any CPU.ActiveCfg = Debug|Any CPU
		{1673856B-7C5C-4977-AC1D-A5D05D473C55}.Debug|Any CPU.Build.0 = Debug|Any CPU
		{1673856B-7C5C-4977-AC1D-A5D05D473C55}.Release|Any CPU.ActiveCfg = Release|Any CPU
		{1673856B-7C5C-4977-AC1D-A5D05D473C55}.Release|Any CPU.Build.0 = Release|Any CPU
		{4042B908-0DAF-4421-9333-CDBE42010F49}.Debug|Any CPU.ActiveCfg = Debug|Any CPU
		{4042B908-0DAF-4421-9333-CDBE42010F49}.Debug|Any CPU.Build.0 = Debug|Any CPU
		{4042B908-0DAF-4421-9333-CDBE42010F49}.Release|Any CPU.ActiveCfg = Release|Any CPU
		{4042B908-0DAF-4421-9333-CDBE42010F49}.Release|Any CPU.Build.0 = Release|Any CPU
	EndGlobalSection
	GlobalSection(SolutionProperties) = preSolution
		HideSolutionNode = FALSE
	EndGlobalSection
	GlobalSection(ExtensibilityGlobals) = postSolution
		SolutionGuid = {50B428EE-AD3C-497B-8A19-404621A9BA02}
	EndGlobalSection
EndGlobal
